// !$*UTF8*$!
{
	archiveVersion = 1;
	classes = {
	};
	objectVersion = 46;
	objects = {

/* Begin PBXBuildFile section */
		1F07F3F21555B9AC00556806 /* popup_bg.png in Resources */ = {isa = PBXBuildFile; fileRef = 1F07F3F01555B9AC00556806 /* popup_bg.png */; };
		1F07F3F31555B9AC00556806 /* popup_bg@2x.png in Resources */ = {isa = PBXBuildFile; fileRef = 1F07F3F11555B9AC00556806 /* popup_bg@2x.png */; };
		1F07F3F71555CF6100556806 /* sound_icon.png in Resources */ = {isa = PBXBuildFile; fileRef = 1F07F3F51555CF6100556806 /* sound_icon.png */; };
		1F07F3F81555CF6100556806 /* sound_icon@2x.png in Resources */ = {isa = PBXBuildFile; fileRef = 1F07F3F61555CF6100556806 /* sound_icon@2x.png */; };
		1F17FF26154C571F008F9575 /* ImageTriviaViewController.m in Sources */ = {isa = PBXBuildFile; fileRef = 1F17FF24154C571F008F9575 /* ImageTriviaViewController.m */; };
		1F17FF27154C571F008F9575 /* ImageTriviaViewController.xib in Resources */ = {isa = PBXBuildFile; fileRef = 1F17FF25154C571F008F9575 /* ImageTriviaViewController.xib */; };
		1F17FF2B154C7665008F9575 /* bg.png in Resources */ = {isa = PBXBuildFile; fileRef = 1F17FF29154C7665008F9575 /* bg.png */; };
		1F17FF2C154C7665008F9575 /* bg@2x.png in Resources */ = {isa = PBXBuildFile; fileRef = 1F17FF2A154C7665008F9575 /* bg@2x.png */; };
		1F17FF30154C797C008F9575 /* TriviaTab.png in Resources */ = {isa = PBXBuildFile; fileRef = 1F17FF2E154C797C008F9575 /* TriviaTab.png */; };
		1F17FF31154C797C008F9575 /* TriviaTab@2x.png in Resources */ = {isa = PBXBuildFile; fileRef = 1F17FF2F154C797C008F9575 /* TriviaTab@2x.png */; };
		1F17FF34154C7AF6008F9575 /* AboutTab.png in Resources */ = {isa = PBXBuildFile; fileRef = 1F17FF32154C7AF6008F9575 /* AboutTab.png */; };
		1F17FF35154C7AF6008F9575 /* AboutTab@2x.png in Resources */ = {isa = PBXBuildFile; fileRef = 1F17FF33154C7AF6008F9575 /* AboutTab@2x.png */; };
		1F17FF39154C7DA7008F9575 /* AboutViewController.m in Sources */ = {isa = PBXBuildFile; fileRef = 1F17FF37154C7DA7008F9575 /* AboutViewController.m */; };
		1F17FF3A154C7DA7008F9575 /* AboutViewController.xib in Resources */ = {isa = PBXBuildFile; fileRef = 1F17FF38154C7DA7008F9575 /* AboutViewController.xib */; };
		1F18A1F9154D49FD00D94946 /* SoundEngine.m in Sources */ = {isa = PBXBuildFile; fileRef = 1F18A1F7154D49FD00D94946 /* SoundEngine.m */; };
		1F18A1FC154D4C6200D94946 /* KTBill.m in Sources */ = {isa = PBXBuildFile; fileRef = 1F18A1FB154D4C6200D94946 /* KTBill.m */; };
		1F18A1FF154D4F6700D94946 /* KTComitteeMeetings.m in Sources */ = {isa = PBXBuildFile; fileRef = 1F18A1FE154D4F6700D94946 /* KTComitteeMeetings.m */; };
		1F18A202154D506300D94946 /* KTCommitteeMeeting.m in Sources */ = {isa = PBXBuildFile; fileRef = 1F18A201154D506300D94946 /* KTCommitteeMeeting.m */; };
		1F18A208154D559900D94946 /* CoreAudio.framework in Frameworks */ = {isa = PBXBuildFile; fileRef = 1F18A207154D559900D94946 /* CoreAudio.framework */; };
		1F18A20A154D55BF00D94946 /* AVFoundation.framework in Frameworks */ = {isa = PBXBuildFile; fileRef = 1F18A209154D55BF00D94946 /* AVFoundation.framework */; };
		1F18A20C154D55C300D94946 /* AudioToolbox.framework in Frameworks */ = {isa = PBXBuildFile; fileRef = 1F18A20B154D55C300D94946 /* AudioToolbox.framework */; };
		1F18A20E154D56EC00D94946 /* correct.mp3 in Resources */ = {isa = PBXBuildFile; fileRef = 1F18A20D154D56EC00D94946 /* correct.mp3 */; };
		1F18A213154EF0FE00D94946 /* bills.txt in Resources */ = {isa = PBXBuildFile; fileRef = 1F18A212154EF0FE00D94946 /* bills.txt */; };
		1F5CF2911555A9C1004AA873 /* general_button_bg_reg.png in Resources */ = {isa = PBXBuildFile; fileRef = 1F5CF28F1555A9C1004AA873 /* general_button_bg_reg.png */; };
		1F5CF2921555A9C1004AA873 /* general_button_bg_reg@2x.png in Resources */ = {isa = PBXBuildFile; fileRef = 1F5CF2901555A9C1004AA873 /* general_button_bg_reg@2x.png */; };
		1F5CF2961555AA95004AA873 /* general_button_bg_sel.png in Resources */ = {isa = PBXBuildFile; fileRef = 1F5CF2941555AA95004AA873 /* general_button_bg_sel.png */; };
		1F5CF2971555AA95004AA873 /* general_button_bg_sel@2x.png in Resources */ = {isa = PBXBuildFile; fileRef = 1F5CF2951555AA95004AA873 /* general_button_bg_sel@2x.png */; };
		1F5FE22E154B486300633DF5 /* Default.png in Resources */ = {isa = PBXBuildFile; fileRef = 1F5FE22C154B486300633DF5 /* Default.png */; };
		1F5FE22F154B486300633DF5 /* Default@2x.png in Resources */ = {isa = PBXBuildFile; fileRef = 1F5FE22D154B486300633DF5 /* Default@2x.png */; };
		1F62FC261528A60600110F7E /* UIKit.framework in Frameworks */ = {isa = PBXBuildFile; fileRef = 1F62FC251528A60600110F7E /* UIKit.framework */; };
		1F62FC281528A60600110F7E /* Foundation.framework in Frameworks */ = {isa = PBXBuildFile; fileRef = 1F62FC271528A60600110F7E /* Foundation.framework */; };
		1F62FC2A1528A60600110F7E /* CoreGraphics.framework in Frameworks */ = {isa = PBXBuildFile; fileRef = 1F62FC291528A60600110F7E /* CoreGraphics.framework */; };
		1F62FC301528A60600110F7E /* InfoPlist.strings in Resources */ = {isa = PBXBuildFile; fileRef = 1F62FC2E1528A60600110F7E /* InfoPlist.strings */; };
		1F62FC321528A60600110F7E /* main.m in Sources */ = {isa = PBXBuildFile; fileRef = 1F62FC311528A60600110F7E /* main.m */; };
		1F62FC361528A60600110F7E /* AppDelegate.m in Sources */ = {isa = PBXBuildFile; fileRef = 1F62FC351528A60600110F7E /* AppDelegate.m */; };
		1F62FC391528A60600110F7E /* FirstViewController.m in Sources */ = {isa = PBXBuildFile; fileRef = 1F62FC381528A60600110F7E /* FirstViewController.m */; };
		1F62FC3B1528A60600110F7E /* first.png in Resources */ = {isa = PBXBuildFile; fileRef = 1F62FC3A1528A60600110F7E /* first.png */; };
		1F62FC3D1528A60600110F7E /* first@2x.png in Resources */ = {isa = PBXBuildFile; fileRef = 1F62FC3C1528A60600110F7E /* first@2x.png */; };
		1F62FC401528A60600110F7E /* SecondViewController.m in Sources */ = {isa = PBXBuildFile; fileRef = 1F62FC3F1528A60600110F7E /* SecondViewController.m */; };
		1F62FC421528A60600110F7E /* second.png in Resources */ = {isa = PBXBuildFile; fileRef = 1F62FC411528A60600110F7E /* second.png */; };
		1F62FC441528A60600110F7E /* second@2x.png in Resources */ = {isa = PBXBuildFile; fileRef = 1F62FC431528A60600110F7E /* second@2x.png */; };
		1F62FC471528A60600110F7E /* FirstViewController.xib in Resources */ = {isa = PBXBuildFile; fileRef = 1F62FC451528A60600110F7E /* FirstViewController.xib */; };
		1F62FC4A1528A60600110F7E /* SecondViewController.xib in Resources */ = {isa = PBXBuildFile; fileRef = 1F62FC481528A60600110F7E /* SecondViewController.xib */; };
		1F684AC4154BE39B00AD64FD /* Icon.png in Resources */ = {isa = PBXBuildFile; fileRef = 1F684AC2154BE39B00AD64FD /* Icon.png */; };
		1F684AC5154BE39B00AD64FD /* Icon@2x.png in Resources */ = {isa = PBXBuildFile; fileRef = 1F684AC3154BE39B00AD64FD /* Icon@2x.png */; };
		1F692138154AD0E4001AD57F /* member.txt in Resources */ = {isa = PBXBuildFile; fileRef = 1F692137154AD0E4001AD57F /* member.txt */; };
		1F69213C154AD213001AD57F /* KTMember.m in Sources */ = {isa = PBXBuildFile; fileRef = 1F69213B154AD213001AD57F /* KTMember.m */; };
		1F692158154AD7DE001AD57F /* NSObject+SBJson.m in Sources */ = {isa = PBXBuildFile; fileRef = 1F692140154AD7DE001AD57F /* NSObject+SBJson.m */; };
		1F692159154AD7DE001AD57F /* SBJsonParser.m in Sources */ = {isa = PBXBuildFile; fileRef = 1F692143154AD7DE001AD57F /* SBJsonParser.m */; };
		1F69215A154AD7DE001AD57F /* SBJsonStreamParser.m in Sources */ = {isa = PBXBuildFile; fileRef = 1F692145154AD7DE001AD57F /* SBJsonStreamParser.m */; };
		1F69215B154AD7DE001AD57F /* SBJsonStreamParserAccumulator.m in Sources */ = {isa = PBXBuildFile; fileRef = 1F692147154AD7DE001AD57F /* SBJsonStreamParserAccumulator.m */; };
		1F69215C154AD7DE001AD57F /* SBJsonStreamParserAdapter.m in Sources */ = {isa = PBXBuildFile; fileRef = 1F692149154AD7DE001AD57F /* SBJsonStreamParserAdapter.m */; };
		1F69215D154AD7DE001AD57F /* SBJsonStreamParserState.m in Sources */ = {isa = PBXBuildFile; fileRef = 1F69214B154AD7DE001AD57F /* SBJsonStreamParserState.m */; };
		1F69215E154AD7DE001AD57F /* SBJsonStreamWriter.m in Sources */ = {isa = PBXBuildFile; fileRef = 1F69214D154AD7DE001AD57F /* SBJsonStreamWriter.m */; };
		1F69215F154AD7DE001AD57F /* SBJsonStreamWriterAccumulator.m in Sources */ = {isa = PBXBuildFile; fileRef = 1F69214F154AD7DE001AD57F /* SBJsonStreamWriterAccumulator.m */; };
		1F692160154AD7DE001AD57F /* SBJsonStreamWriterState.m in Sources */ = {isa = PBXBuildFile; fileRef = 1F692151154AD7DE001AD57F /* SBJsonStreamWriterState.m */; };
		1F692161154AD7DE001AD57F /* SBJsonTokeniser.m in Sources */ = {isa = PBXBuildFile; fileRef = 1F692153154AD7DE001AD57F /* SBJsonTokeniser.m */; };
		1F692162154AD7DE001AD57F /* SBJsonUTF8Stream.m in Sources */ = {isa = PBXBuildFile; fileRef = 1F692155154AD7DE001AD57F /* SBJsonUTF8Stream.m */; };
		1F692163154AD7DE001AD57F /* SBJsonWriter.m in Sources */ = {isa = PBXBuildFile; fileRef = 1F692157154AD7DE001AD57F /* SBJsonWriter.m */; };
		1F692166154AEFD6001AD57F /* KTLink.m in Sources */ = {isa = PBXBuildFile; fileRef = 1F692165154AEFD6001AD57F /* KTLink.m */; };
		1F692169154B2A3B001AD57F /* KTCommitteeLink.m in Sources */ = {isa = PBXBuildFile; fileRef = 1F692168154B2A3B001AD57F /* KTCommitteeLink.m */; };
		1F69216C154B2C10001AD57F /* KTBillLink.m in Sources */ = {isa = PBXBuildFile; fileRef = 1F69216B154B2C10001AD57F /* KTBillLink.m */; };
		1F692170154B2DF7001AD57F /* KTParser.m in Sources */ = {isa = PBXBuildFile; fileRef = 1F69216F154B2DF7001AD57F /* KTParser.m */; };
		1F692174154B34F5001AD57F /* DataManager.m in Sources */ = {isa = PBXBuildFile; fileRef = 1F692173154B34F5001AD57F /* DataManager.m */; };
		1F69218C154B3917001AD57F /* MemberCellViewController.m in Sources */ = {isa = PBXBuildFile; fileRef = 1F69218A154B3917001AD57F /* MemberCellViewController.m */; };
		1F69218D154B3917001AD57F /* MemberCellViewController.xib in Resources */ = {isa = PBXBuildFile; fileRef = 1F69218B154B3917001AD57F /* MemberCellViewController.xib */; };
		1F699C1C1550141A005DFCAA /* info_button_reg.png in Resources */ = {isa = PBXBuildFile; fileRef = 1F699C1A1550141A005DFCAA /* info_button_reg.png */; };
		1F699C1D1550141A005DFCAA /* info_button_reg@2x.png in Resources */ = {isa = PBXBuildFile; fileRef = 1F699C1B1550141A005DFCAA /* info_button_reg@2x.png */; };
		1F699C2E155069D4005DFCAA /* delete.png in Resources */ = {isa = PBXBuildFile; fileRef = 1F699C1E155069D4005DFCAA /* delete.png */; };
		1F699C2F155069D4005DFCAA /* delete@2x.png in Resources */ = {isa = PBXBuildFile; fileRef = 1F699C1F155069D4005DFCAA /* delete@2x.png */; };
		1F699C30155069D4005DFCAA /* globe.png in Resources */ = {isa = PBXBuildFile; fileRef = 1F699C20155069D4005DFCAA /* globe.png */; };
		1F699C31155069D4005DFCAA /* globe@2x.png in Resources */ = {isa = PBXBuildFile; fileRef = 1F699C21155069D4005DFCAA /* globe@2x.png */; };
		1F699C32155069D4005DFCAA /* home.png in Resources */ = {isa = PBXBuildFile; fileRef = 1F699C22155069D4005DFCAA /* home.png */; };
		1F699C33155069D4005DFCAA /* home@2x.png in Resources */ = {isa = PBXBuildFile; fileRef = 1F699C23155069D4005DFCAA /* home@2x.png */; };
		1F699C34155069D4005DFCAA /* info.png in Resources */ = {isa = PBXBuildFile; fileRef = 1F699C24155069D4005DFCAA /* info.png */; };
		1F699C35155069D4005DFCAA /* info@2x.png in Resources */ = {isa = PBXBuildFile; fileRef = 1F699C25155069D4005DFCAA /* info@2x.png */; };
		1F699C36155069D4005DFCAA /* letter.png in Resources */ = {isa = PBXBuildFile; fileRef = 1F699C26155069D4005DFCAA /* letter.png */; };
		1F699C37155069D4005DFCAA /* letter@2x.png in Resources */ = {isa = PBXBuildFile; fileRef = 1F699C27155069D4005DFCAA /* letter@2x.png */; };
		1F699C38155069D4005DFCAA /* search.png in Resources */ = {isa = PBXBuildFile; fileRef = 1F699C28155069D4005DFCAA /* search.png */; };
		1F699C39155069D4005DFCAA /* search@2x.png in Resources */ = {isa = PBXBuildFile; fileRef = 1F699C29155069D4005DFCAA /* search@2x.png */; };
		1F699C3A155069D4005DFCAA /* tick.png in Resources */ = {isa = PBXBuildFile; fileRef = 1F699C2A155069D4005DFCAA /* tick.png */; };
		1F699C3B155069D4005DFCAA /* tick@2x.png in Resources */ = {isa = PBXBuildFile; fileRef = 1F699C2B155069D4005DFCAA /* tick@2x.png */; };
		1F699C3C155069D4005DFCAA /* user.png in Resources */ = {isa = PBXBuildFile; fileRef = 1F699C2C155069D4005DFCAA /* user.png */; };
		1F699C3D155069D4005DFCAA /* user@2x.png in Resources */ = {isa = PBXBuildFile; fileRef = 1F699C2D155069D4005DFCAA /* user@2x.png */; };
		1F699C4015506FF5005DFCAA /* help.png in Resources */ = {isa = PBXBuildFile; fileRef = 1F699C3E15506FF5005DFCAA /* help.png */; };
		1F699C4115506FF5005DFCAA /* help@2x.png in Resources */ = {isa = PBXBuildFile; fileRef = 1F699C3F15506FF5005DFCAA /* help@2x.png */; };
		1F699C4515507F73005DFCAA /* RightWrongTriviaViewController.m in Sources */ = {isa = PBXBuildFile; fileRef = 1F699C4315507F73005DFCAA /* RightWrongTriviaViewController.m */; };
		1F699C4615507F73005DFCAA /* RightWrongTriviaViewController.xib in Resources */ = {isa = PBXBuildFile; fileRef = 1F699C4415507F73005DFCAA /* RightWrongTriviaViewController.xib */; };
		1F699C4915508D64005DFCAA /* GeneralTriviaViewController.m in Sources */ = {isa = PBXBuildFile; fileRef = 1F699C4815508D64005DFCAA /* GeneralTriviaViewController.m */; };
		1F708527154FD88700D80EFF /* MemberCellFlipSideViewController.m in Sources */ = {isa = PBXBuildFile; fileRef = 1F708525154FD88700D80EFF /* MemberCellFlipSideViewController.m */; };
		1F708528154FD88700D80EFF /* MemberCellFlipSideViewController.xib in Resources */ = {isa = PBXBuildFile; fileRef = 1F708526154FD88700D80EFF /* MemberCellFlipSideViewController.xib */; };
		1F70852A155008CD00D80EFF /* MessageUI.framework in Frameworks */ = {isa = PBXBuildFile; fileRef = 1F708529155008CD00D80EFF /* MessageUI.framework */; };
		1F933A2715552BC0004CC127 /* libGoogleAnalytics.a in Frameworks */ = {isa = PBXBuildFile; fileRef = 1F933A2615552BC0004CC127 /* libGoogleAnalytics.a */; };
		1F933A2915552BE7004CC127 /* CFNetwork.framework in Frameworks */ = {isa = PBXBuildFile; fileRef = 1F933A2815552BE7004CC127 /* CFNetwork.framework */; };
		1F933A2C15552C43004CC127 /* GoogleAnalyticsManager.m in Sources */ = {isa = PBXBuildFile; fileRef = 1F933A2B15552C43004CC127 /* GoogleAnalyticsManager.m */; };
		1F933A2E15552D35004CC127 /* libsqlite3.0.dylib in Frameworks */ = {isa = PBXBuildFile; fileRef = 1F933A2D15552D35004CC127 /* libsqlite3.0.dylib */; };
		1F933A3115553454004CC127 /* GoogleAnalyticsLogger.m in Sources */ = {isa = PBXBuildFile; fileRef = 1F933A3015553454004CC127 /* GoogleAnalyticsLogger.m */; };
		1FCC68D615525F9C0099479A /* NewGameViewController.m in Sources */ = {isa = PBXBuildFile; fileRef = 1FCC68D415525F9B0099479A /* NewGameViewController.m */; };
		1FCC68D715525F9C0099479A /* NewGameViewController.xib in Resources */ = {isa = PBXBuildFile; fileRef = 1FCC68D515525F9C0099479A /* NewGameViewController.xib */; };
		1FF2CC9B1551CA2300A93B3D /* ScoreManager.m in Sources */ = {isa = PBXBuildFile; fileRef = 1FF2CC9A1551CA2300A93B3D /* ScoreManager.m */; };
		1FF2CCA01551D52200A93B3D /* EndOfGameViewController.m in Sources */ = {isa = PBXBuildFile; fileRef = 1FF2CC9E1551D52200A93B3D /* EndOfGameViewController.m */; };
		1FF2CCA11551D52200A93B3D /* EndOfGameViewController.xib in Resources */ = {isa = PBXBuildFile; fileRef = 1FF2CC9F1551D52200A93B3D /* EndOfGameViewController.xib */; };
/* End PBXBuildFile section */

/* Begin PBXFileReference section */
		1F07F3F01555B9AC00556806 /* popup_bg.png */ = {isa = PBXFileReference; lastKnownFileType = image.png; name = popup_bg.png; path = Artwork/popup_bg.png; sourceTree = "<group>"; };
		1F07F3F11555B9AC00556806 /* popup_bg@2x.png */ = {isa = PBXFileReference; lastKnownFileType = image.png; name = "popup_bg@2x.png"; path = "Artwork/popup_bg@2x.png"; sourceTree = "<group>"; };
		1F07F3F51555CF6100556806 /* sound_icon.png */ = {isa = PBXFileReference; lastKnownFileType = image.png; name = sound_icon.png; path = Artwork/sound_icon.png; sourceTree = "<group>"; };
		1F07F3F61555CF6100556806 /* sound_icon@2x.png */ = {isa = PBXFileReference; lastKnownFileType = image.png; name = "sound_icon@2x.png"; path = "Artwork/sound_icon@2x.png"; sourceTree = "<group>"; };
		1F17FF23154C571F008F9575 /* ImageTriviaViewController.h */ = {isa = PBXFileReference; fileEncoding = 4; lastKnownFileType = sourcecode.c.h; path = ImageTriviaViewController.h; sourceTree = "<group>"; };
		1F17FF24154C571F008F9575 /* ImageTriviaViewController.m */ = {isa = PBXFileReference; fileEncoding = 4; lastKnownFileType = sourcecode.c.objc; path = ImageTriviaViewController.m; sourceTree = "<group>"; };
		1F17FF25154C571F008F9575 /* ImageTriviaViewController.xib */ = {isa = PBXFileReference; fileEncoding = 4; lastKnownFileType = file.xib; path = ImageTriviaViewController.xib; sourceTree = "<group>"; };
		1F17FF29154C7665008F9575 /* bg.png */ = {isa = PBXFileReference; lastKnownFileType = image.png; name = bg.png; path = Artwork/bg.png; sourceTree = "<group>"; };
		1F17FF2A154C7665008F9575 /* bg@2x.png */ = {isa = PBXFileReference; lastKnownFileType = image.png; name = "bg@2x.png"; path = "Artwork/bg@2x.png"; sourceTree = "<group>"; };
		1F17FF2E154C797C008F9575 /* TriviaTab.png */ = {isa = PBXFileReference; lastKnownFileType = image.png; name = TriviaTab.png; path = Artwork/TriviaTab.png; sourceTree = "<group>"; };
		1F17FF2F154C797C008F9575 /* TriviaTab@2x.png */ = {isa = PBXFileReference; lastKnownFileType = image.png; name = "TriviaTab@2x.png"; path = "Artwork/TriviaTab@2x.png"; sourceTree = "<group>"; };
		1F17FF32154C7AF6008F9575 /* AboutTab.png */ = {isa = PBXFileReference; lastKnownFileType = image.png; name = AboutTab.png; path = Artwork/AboutTab.png; sourceTree = "<group>"; };
		1F17FF33154C7AF6008F9575 /* AboutTab@2x.png */ = {isa = PBXFileReference; lastKnownFileType = image.png; name = "AboutTab@2x.png"; path = "Artwork/AboutTab@2x.png"; sourceTree = "<group>"; };
		1F17FF36154C7DA6008F9575 /* AboutViewController.h */ = {isa = PBXFileReference; fileEncoding = 4; lastKnownFileType = sourcecode.c.h; path = AboutViewController.h; sourceTree = "<group>"; };
		1F17FF37154C7DA7008F9575 /* AboutViewController.m */ = {isa = PBXFileReference; fileEncoding = 4; lastKnownFileType = sourcecode.c.objc; path = AboutViewController.m; sourceTree = "<group>"; };
		1F17FF38154C7DA7008F9575 /* AboutViewController.xib */ = {isa = PBXFileReference; fileEncoding = 4; lastKnownFileType = file.xib; path = AboutViewController.xib; sourceTree = "<group>"; };
		1F18A1F6154D49FD00D94946 /* SoundEngine.h */ = {isa = PBXFileReference; fileEncoding = 4; lastKnownFileType = sourcecode.c.h; path = SoundEngine.h; sourceTree = "<group>"; };
		1F18A1F7154D49FD00D94946 /* SoundEngine.m */ = {isa = PBXFileReference; fileEncoding = 4; lastKnownFileType = sourcecode.c.objc; path = SoundEngine.m; sourceTree = "<group>"; };
		1F18A1F8154D49FD00D94946 /* SoundFilenames.h */ = {isa = PBXFileReference; fileEncoding = 4; lastKnownFileType = sourcecode.c.h; path = SoundFilenames.h; sourceTree = "<group>"; };
		1F18A1FA154D4C6200D94946 /* KTBill.h */ = {isa = PBXFileReference; fileEncoding = 4; lastKnownFileType = sourcecode.c.h; path = KTBill.h; sourceTree = "<group>"; };
		1F18A1FB154D4C6200D94946 /* KTBill.m */ = {isa = PBXFileReference; fileEncoding = 4; lastKnownFileType = sourcecode.c.objc; path = KTBill.m; sourceTree = "<group>"; };
		1F18A1FD154D4F6700D94946 /* KTComitteeMeetings.h */ = {isa = PBXFileReference; fileEncoding = 4; lastKnownFileType = sourcecode.c.h; path = KTComitteeMeetings.h; sourceTree = "<group>"; };
		1F18A1FE154D4F6700D94946 /* KTComitteeMeetings.m */ = {isa = PBXFileReference; fileEncoding = 4; lastKnownFileType = sourcecode.c.objc; path = KTComitteeMeetings.m; sourceTree = "<group>"; };
		1F18A200154D506300D94946 /* KTCommitteeMeeting.h */ = {isa = PBXFileReference; fileEncoding = 4; lastKnownFileType = sourcecode.c.h; path = KTCommitteeMeeting.h; sourceTree = "<group>"; };
		1F18A201154D506300D94946 /* KTCommitteeMeeting.m */ = {isa = PBXFileReference; fileEncoding = 4; lastKnownFileType = sourcecode.c.objc; path = KTCommitteeMeeting.m; sourceTree = "<group>"; };
		1F18A207154D559900D94946 /* CoreAudio.framework */ = {isa = PBXFileReference; lastKnownFileType = wrapper.framework; name = CoreAudio.framework; path = System/Library/Frameworks/CoreAudio.framework; sourceTree = SDKROOT; };
		1F18A209154D55BF00D94946 /* AVFoundation.framework */ = {isa = PBXFileReference; lastKnownFileType = wrapper.framework; name = AVFoundation.framework; path = System/Library/Frameworks/AVFoundation.framework; sourceTree = SDKROOT; };
		1F18A20B154D55C300D94946 /* AudioToolbox.framework */ = {isa = PBXFileReference; lastKnownFileType = wrapper.framework; name = AudioToolbox.framework; path = System/Library/Frameworks/AudioToolbox.framework; sourceTree = SDKROOT; };
		1F18A20D154D56EC00D94946 /* correct.mp3 */ = {isa = PBXFileReference; lastKnownFileType = audio.mp3; name = correct.mp3; path = Audio/correct.mp3; sourceTree = "<group>"; };
		1F18A212154EF0FE00D94946 /* bills.txt */ = {isa = PBXFileReference; fileEncoding = 4; lastKnownFileType = text; path = bills.txt; sourceTree = "<group>"; };
		1F5CF28F1555A9C1004AA873 /* general_button_bg_reg.png */ = {isa = PBXFileReference; lastKnownFileType = image.png; name = general_button_bg_reg.png; path = Artwork/general_button_bg_reg.png; sourceTree = "<group>"; };
		1F5CF2901555A9C1004AA873 /* general_button_bg_reg@2x.png */ = {isa = PBXFileReference; lastKnownFileType = image.png; name = "general_button_bg_reg@2x.png"; path = "Artwork/general_button_bg_reg@2x.png"; sourceTree = "<group>"; };
		1F5CF2941555AA95004AA873 /* general_button_bg_sel.png */ = {isa = PBXFileReference; lastKnownFileType = image.png; name = general_button_bg_sel.png; path = Artwork/general_button_bg_sel.png; sourceTree = "<group>"; };
		1F5CF2951555AA95004AA873 /* general_button_bg_sel@2x.png */ = {isa = PBXFileReference; lastKnownFileType = image.png; name = "general_button_bg_sel@2x.png"; path = "Artwork/general_button_bg_sel@2x.png"; sourceTree = "<group>"; };
		1F5FE22C154B486300633DF5 /* Default.png */ = {isa = PBXFileReference; lastKnownFileType = image.png; name = Default.png; path = Artwork/Default.png; sourceTree = "<group>"; };
		1F5FE22D154B486300633DF5 /* Default@2x.png */ = {isa = PBXFileReference; lastKnownFileType = image.png; name = "Default@2x.png"; path = "Artwork/Default@2x.png"; sourceTree = "<group>"; };
		1F62FC211528A60600110F7E /* KnessetTrivia.app */ = {isa = PBXFileReference; explicitFileType = wrapper.application; includeInIndex = 0; path = KnessetTrivia.app; sourceTree = BUILT_PRODUCTS_DIR; };
		1F62FC251528A60600110F7E /* UIKit.framework */ = {isa = PBXFileReference; lastKnownFileType = wrapper.framework; name = UIKit.framework; path = System/Library/Frameworks/UIKit.framework; sourceTree = SDKROOT; };
		1F62FC271528A60600110F7E /* Foundation.framework */ = {isa = PBXFileReference; lastKnownFileType = wrapper.framework; name = Foundation.framework; path = System/Library/Frameworks/Foundation.framework; sourceTree = SDKROOT; };
		1F62FC291528A60600110F7E /* CoreGraphics.framework */ = {isa = PBXFileReference; lastKnownFileType = wrapper.framework; name = CoreGraphics.framework; path = System/Library/Frameworks/CoreGraphics.framework; sourceTree = SDKROOT; };
		1F62FC2D1528A60600110F7E /* KnessetTrivia-Info.plist */ = {isa = PBXFileReference; lastKnownFileType = text.plist.xml; path = "KnessetTrivia-Info.plist"; sourceTree = "<group>"; };
		1F62FC2F1528A60600110F7E /* en */ = {isa = PBXFileReference; lastKnownFileType = text.plist.strings; name = en; path = en.lproj/InfoPlist.strings; sourceTree = "<group>"; };
		1F62FC311528A60600110F7E /* main.m */ = {isa = PBXFileReference; lastKnownFileType = sourcecode.c.objc; path = main.m; sourceTree = "<group>"; };
		1F62FC331528A60600110F7E /* KnessetTrivia-Prefix.pch */ = {isa = PBXFileReference; lastKnownFileType = sourcecode.c.h; path = "KnessetTrivia-Prefix.pch"; sourceTree = "<group>"; };
		1F62FC341528A60600110F7E /* AppDelegate.h */ = {isa = PBXFileReference; lastKnownFileType = sourcecode.c.h; path = AppDelegate.h; sourceTree = "<group>"; };
		1F62FC351528A60600110F7E /* AppDelegate.m */ = {isa = PBXFileReference; lastKnownFileType = sourcecode.c.objc; path = AppDelegate.m; sourceTree = "<group>"; };
		1F62FC371528A60600110F7E /* FirstViewController.h */ = {isa = PBXFileReference; lastKnownFileType = sourcecode.c.h; path = FirstViewController.h; sourceTree = "<group>"; };
		1F62FC381528A60600110F7E /* FirstViewController.m */ = {isa = PBXFileReference; lastKnownFileType = sourcecode.c.objc; path = FirstViewController.m; sourceTree = "<group>"; };
		1F62FC3A1528A60600110F7E /* first.png */ = {isa = PBXFileReference; lastKnownFileType = image.png; path = first.png; sourceTree = "<group>"; };
		1F62FC3C1528A60600110F7E /* first@2x.png */ = {isa = PBXFileReference; lastKnownFileType = image.png; path = "first@2x.png"; sourceTree = "<group>"; };
		1F62FC3E1528A60600110F7E /* SecondViewController.h */ = {isa = PBXFileReference; lastKnownFileType = sourcecode.c.h; path = SecondViewController.h; sourceTree = "<group>"; };
		1F62FC3F1528A60600110F7E /* SecondViewController.m */ = {isa = PBXFileReference; lastKnownFileType = sourcecode.c.objc; path = SecondViewController.m; sourceTree = "<group>"; };
		1F62FC411528A60600110F7E /* second.png */ = {isa = PBXFileReference; lastKnownFileType = image.png; path = second.png; sourceTree = "<group>"; };
		1F62FC431528A60600110F7E /* second@2x.png */ = {isa = PBXFileReference; lastKnownFileType = image.png; path = "second@2x.png"; sourceTree = "<group>"; };
		1F62FC461528A60600110F7E /* en */ = {isa = PBXFileReference; lastKnownFileType = file.xib; name = en; path = en.lproj/FirstViewController.xib; sourceTree = "<group>"; };
		1F62FC491528A60600110F7E /* en */ = {isa = PBXFileReference; lastKnownFileType = file.xib; name = en; path = en.lproj/SecondViewController.xib; sourceTree = "<group>"; };
		1F684AC2154BE39B00AD64FD /* Icon.png */ = {isa = PBXFileReference; lastKnownFileType = image.png; name = Icon.png; path = Artwork/Icon.png; sourceTree = "<group>"; };
		1F684AC3154BE39B00AD64FD /* Icon@2x.png */ = {isa = PBXFileReference; lastKnownFileType = image.png; name = "Icon@2x.png"; path = "Artwork/Icon@2x.png"; sourceTree = "<group>"; };
		1F692137154AD0E4001AD57F /* member.txt */ = {isa = PBXFileReference; fileEncoding = 4; lastKnownFileType = text; path = member.txt; sourceTree = "<group>"; };
		1F69213A154AD213001AD57F /* KTMember.h */ = {isa = PBXFileReference; fileEncoding = 4; lastKnownFileType = sourcecode.c.h; path = KTMember.h; sourceTree = "<group>"; };
		1F69213B154AD213001AD57F /* KTMember.m */ = {isa = PBXFileReference; fileEncoding = 4; lastKnownFileType = sourcecode.c.objc; path = KTMember.m; sourceTree = "<group>"; };
		1F69213F154AD7DE001AD57F /* NSObject+SBJson.h */ = {isa = PBXFileReference; fileEncoding = 4; lastKnownFileType = sourcecode.c.h; name = "NSObject+SBJson.h"; path = "SBJson/NSObject+SBJson.h"; sourceTree = "<group>"; };
		1F692140154AD7DE001AD57F /* NSObject+SBJson.m */ = {isa = PBXFileReference; fileEncoding = 4; lastKnownFileType = sourcecode.c.objc; name = "NSObject+SBJson.m"; path = "SBJson/NSObject+SBJson.m"; sourceTree = "<group>"; };
		1F692141154AD7DE001AD57F /* SBJson.h */ = {isa = PBXFileReference; fileEncoding = 4; lastKnownFileType = sourcecode.c.h; name = SBJson.h; path = SBJson/SBJson.h; sourceTree = "<group>"; };
		1F692142154AD7DE001AD57F /* SBJsonParser.h */ = {isa = PBXFileReference; fileEncoding = 4; lastKnownFileType = sourcecode.c.h; name = SBJsonParser.h; path = SBJson/SBJsonParser.h; sourceTree = "<group>"; };
		1F692143154AD7DE001AD57F /* SBJsonParser.m */ = {isa = PBXFileReference; fileEncoding = 4; lastKnownFileType = sourcecode.c.objc; name = SBJsonParser.m; path = SBJson/SBJsonParser.m; sourceTree = "<group>"; };
		1F692144154AD7DE001AD57F /* SBJsonStreamParser.h */ = {isa = PBXFileReference; fileEncoding = 4; lastKnownFileType = sourcecode.c.h; name = SBJsonStreamParser.h; path = SBJson/SBJsonStreamParser.h; sourceTree = "<group>"; };
		1F692145154AD7DE001AD57F /* SBJsonStreamParser.m */ = {isa = PBXFileReference; fileEncoding = 4; lastKnownFileType = sourcecode.c.objc; name = SBJsonStreamParser.m; path = SBJson/SBJsonStreamParser.m; sourceTree = "<group>"; };
		1F692146154AD7DE001AD57F /* SBJsonStreamParserAccumulator.h */ = {isa = PBXFileReference; fileEncoding = 4; lastKnownFileType = sourcecode.c.h; name = SBJsonStreamParserAccumulator.h; path = SBJson/SBJsonStreamParserAccumulator.h; sourceTree = "<group>"; };
		1F692147154AD7DE001AD57F /* SBJsonStreamParserAccumulator.m */ = {isa = PBXFileReference; fileEncoding = 4; lastKnownFileType = sourcecode.c.objc; name = SBJsonStreamParserAccumulator.m; path = SBJson/SBJsonStreamParserAccumulator.m; sourceTree = "<group>"; };
		1F692148154AD7DE001AD57F /* SBJsonStreamParserAdapter.h */ = {isa = PBXFileReference; fileEncoding = 4; lastKnownFileType = sourcecode.c.h; name = SBJsonStreamParserAdapter.h; path = SBJson/SBJsonStreamParserAdapter.h; sourceTree = "<group>"; };
		1F692149154AD7DE001AD57F /* SBJsonStreamParserAdapter.m */ = {isa = PBXFileReference; fileEncoding = 4; lastKnownFileType = sourcecode.c.objc; name = SBJsonStreamParserAdapter.m; path = SBJson/SBJsonStreamParserAdapter.m; sourceTree = "<group>"; };
		1F69214A154AD7DE001AD57F /* SBJsonStreamParserState.h */ = {isa = PBXFileReference; fileEncoding = 4; lastKnownFileType = sourcecode.c.h; name = SBJsonStreamParserState.h; path = SBJson/SBJsonStreamParserState.h; sourceTree = "<group>"; };
		1F69214B154AD7DE001AD57F /* SBJsonStreamParserState.m */ = {isa = PBXFileReference; fileEncoding = 4; lastKnownFileType = sourcecode.c.objc; name = SBJsonStreamParserState.m; path = SBJson/SBJsonStreamParserState.m; sourceTree = "<group>"; };
		1F69214C154AD7DE001AD57F /* SBJsonStreamWriter.h */ = {isa = PBXFileReference; fileEncoding = 4; lastKnownFileType = sourcecode.c.h; name = SBJsonStreamWriter.h; path = SBJson/SBJsonStreamWriter.h; sourceTree = "<group>"; };
		1F69214D154AD7DE001AD57F /* SBJsonStreamWriter.m */ = {isa = PBXFileReference; fileEncoding = 4; lastKnownFileType = sourcecode.c.objc; name = SBJsonStreamWriter.m; path = SBJson/SBJsonStreamWriter.m; sourceTree = "<group>"; };
		1F69214E154AD7DE001AD57F /* SBJsonStreamWriterAccumulator.h */ = {isa = PBXFileReference; fileEncoding = 4; lastKnownFileType = sourcecode.c.h; name = SBJsonStreamWriterAccumulator.h; path = SBJson/SBJsonStreamWriterAccumulator.h; sourceTree = "<group>"; };
		1F69214F154AD7DE001AD57F /* SBJsonStreamWriterAccumulator.m */ = {isa = PBXFileReference; fileEncoding = 4; lastKnownFileType = sourcecode.c.objc; name = SBJsonStreamWriterAccumulator.m; path = SBJson/SBJsonStreamWriterAccumulator.m; sourceTree = "<group>"; };
		1F692150154AD7DE001AD57F /* SBJsonStreamWriterState.h */ = {isa = PBXFileReference; fileEncoding = 4; lastKnownFileType = sourcecode.c.h; name = SBJsonStreamWriterState.h; path = SBJson/SBJsonStreamWriterState.h; sourceTree = "<group>"; };
		1F692151154AD7DE001AD57F /* SBJsonStreamWriterState.m */ = {isa = PBXFileReference; fileEncoding = 4; lastKnownFileType = sourcecode.c.objc; name = SBJsonStreamWriterState.m; path = SBJson/SBJsonStreamWriterState.m; sourceTree = "<group>"; };
		1F692152154AD7DE001AD57F /* SBJsonTokeniser.h */ = {isa = PBXFileReference; fileEncoding = 4; lastKnownFileType = sourcecode.c.h; name = SBJsonTokeniser.h; path = SBJson/SBJsonTokeniser.h; sourceTree = "<group>"; };
		1F692153154AD7DE001AD57F /* SBJsonTokeniser.m */ = {isa = PBXFileReference; fileEncoding = 4; lastKnownFileType = sourcecode.c.objc; name = SBJsonTokeniser.m; path = SBJson/SBJsonTokeniser.m; sourceTree = "<group>"; };
		1F692154154AD7DE001AD57F /* SBJsonUTF8Stream.h */ = {isa = PBXFileReference; fileEncoding = 4; lastKnownFileType = sourcecode.c.h; name = SBJsonUTF8Stream.h; path = SBJson/SBJsonUTF8Stream.h; sourceTree = "<group>"; };
		1F692155154AD7DE001AD57F /* SBJsonUTF8Stream.m */ = {isa = PBXFileReference; fileEncoding = 4; lastKnownFileType = sourcecode.c.objc; name = SBJsonUTF8Stream.m; path = SBJson/SBJsonUTF8Stream.m; sourceTree = "<group>"; };
		1F692156154AD7DE001AD57F /* SBJsonWriter.h */ = {isa = PBXFileReference; fileEncoding = 4; lastKnownFileType = sourcecode.c.h; name = SBJsonWriter.h; path = SBJson/SBJsonWriter.h; sourceTree = "<group>"; };
		1F692157154AD7DE001AD57F /* SBJsonWriter.m */ = {isa = PBXFileReference; fileEncoding = 4; lastKnownFileType = sourcecode.c.objc; name = SBJsonWriter.m; path = SBJson/SBJsonWriter.m; sourceTree = "<group>"; };
		1F692164154AEFD6001AD57F /* KTLink.h */ = {isa = PBXFileReference; fileEncoding = 4; lastKnownFileType = sourcecode.c.h; path = KTLink.h; sourceTree = "<group>"; };
		1F692165154AEFD6001AD57F /* KTLink.m */ = {isa = PBXFileReference; fileEncoding = 4; lastKnownFileType = sourcecode.c.objc; path = KTLink.m; sourceTree = "<group>"; };
		1F692167154B2A3B001AD57F /* KTCommitteeLink.h */ = {isa = PBXFileReference; fileEncoding = 4; lastKnownFileType = sourcecode.c.h; path = KTCommitteeLink.h; sourceTree = "<group>"; };
		1F692168154B2A3B001AD57F /* KTCommitteeLink.m */ = {isa = PBXFileReference; fileEncoding = 4; lastKnownFileType = sourcecode.c.objc; path = KTCommitteeLink.m; sourceTree = "<group>"; };
		1F69216A154B2C10001AD57F /* KTBillLink.h */ = {isa = PBXFileReference; fileEncoding = 4; lastKnownFileType = sourcecode.c.h; path = KTBillLink.h; sourceTree = "<group>"; };
		1F69216B154B2C10001AD57F /* KTBillLink.m */ = {isa = PBXFileReference; fileEncoding = 4; lastKnownFileType = sourcecode.c.objc; path = KTBillLink.m; sourceTree = "<group>"; };
		1F69216E154B2DF7001AD57F /* KTParser.h */ = {isa = PBXFileReference; fileEncoding = 4; lastKnownFileType = sourcecode.c.h; path = KTParser.h; sourceTree = "<group>"; };
		1F69216F154B2DF7001AD57F /* KTParser.m */ = {isa = PBXFileReference; fileEncoding = 4; lastKnownFileType = sourcecode.c.objc; path = KTParser.m; sourceTree = "<group>"; };
		1F692171154B2F94001AD57F /* KTParserStrings.h */ = {isa = PBXFileReference; lastKnownFileType = sourcecode.c.h; path = KTParserStrings.h; sourceTree = "<group>"; };
		1F692172154B34F5001AD57F /* DataManager.h */ = {isa = PBXFileReference; fileEncoding = 4; lastKnownFileType = sourcecode.c.h; path = DataManager.h; sourceTree = "<group>"; };
		1F692173154B34F5001AD57F /* DataManager.m */ = {isa = PBXFileReference; fileEncoding = 4; lastKnownFileType = sourcecode.c.objc; path = DataManager.m; sourceTree = "<group>"; };
		1F692189154B3917001AD57F /* MemberCellViewController.h */ = {isa = PBXFileReference; fileEncoding = 4; lastKnownFileType = sourcecode.c.h; path = MemberCellViewController.h; sourceTree = "<group>"; };
		1F69218A154B3917001AD57F /* MemberCellViewController.m */ = {isa = PBXFileReference; fileEncoding = 4; lastKnownFileType = sourcecode.c.objc; path = MemberCellViewController.m; sourceTree = "<group>"; };
		1F69218B154B3917001AD57F /* MemberCellViewController.xib */ = {isa = PBXFileReference; fileEncoding = 4; lastKnownFileType = file.xib; path = MemberCellViewController.xib; sourceTree = "<group>"; };
		1F699C1A1550141A005DFCAA /* info_button_reg.png */ = {isa = PBXFileReference; lastKnownFileType = image.png; name = info_button_reg.png; path = Artwork/info_button_reg.png; sourceTree = "<group>"; };
		1F699C1B1550141A005DFCAA /* info_button_reg@2x.png */ = {isa = PBXFileReference; lastKnownFileType = image.png; name = "info_button_reg@2x.png"; path = "Artwork/info_button_reg@2x.png"; sourceTree = "<group>"; };
		1F699C1E155069D4005DFCAA /* delete.png */ = {isa = PBXFileReference; lastKnownFileType = image.png; name = delete.png; path = Artwork/delete.png; sourceTree = "<group>"; };
		1F699C1F155069D4005DFCAA /* delete@2x.png */ = {isa = PBXFileReference; lastKnownFileType = image.png; name = "delete@2x.png"; path = "Artwork/delete@2x.png"; sourceTree = "<group>"; };
		1F699C20155069D4005DFCAA /* globe.png */ = {isa = PBXFileReference; lastKnownFileType = image.png; name = globe.png; path = Artwork/globe.png; sourceTree = "<group>"; };
		1F699C21155069D4005DFCAA /* globe@2x.png */ = {isa = PBXFileReference; lastKnownFileType = image.png; name = "globe@2x.png"; path = "Artwork/globe@2x.png"; sourceTree = "<group>"; };
		1F699C22155069D4005DFCAA /* home.png */ = {isa = PBXFileReference; lastKnownFileType = image.png; name = home.png; path = Artwork/home.png; sourceTree = "<group>"; };
		1F699C23155069D4005DFCAA /* home@2x.png */ = {isa = PBXFileReference; lastKnownFileType = image.png; name = "home@2x.png"; path = "Artwork/home@2x.png"; sourceTree = "<group>"; };
		1F699C24155069D4005DFCAA /* info.png */ = {isa = PBXFileReference; lastKnownFileType = image.png; name = info.png; path = Artwork/info.png; sourceTree = "<group>"; };
		1F699C25155069D4005DFCAA /* info@2x.png */ = {isa = PBXFileReference; lastKnownFileType = image.png; name = "info@2x.png"; path = "Artwork/info@2x.png"; sourceTree = "<group>"; };
		1F699C26155069D4005DFCAA /* letter.png */ = {isa = PBXFileReference; lastKnownFileType = image.png; name = letter.png; path = Artwork/letter.png; sourceTree = "<group>"; };
		1F699C27155069D4005DFCAA /* letter@2x.png */ = {isa = PBXFileReference; lastKnownFileType = image.png; name = "letter@2x.png"; path = "Artwork/letter@2x.png"; sourceTree = "<group>"; };
		1F699C28155069D4005DFCAA /* search.png */ = {isa = PBXFileReference; lastKnownFileType = image.png; name = search.png; path = Artwork/search.png; sourceTree = "<group>"; };
		1F699C29155069D4005DFCAA /* search@2x.png */ = {isa = PBXFileReference; lastKnownFileType = image.png; name = "search@2x.png"; path = "Artwork/search@2x.png"; sourceTree = "<group>"; };
		1F699C2A155069D4005DFCAA /* tick.png */ = {isa = PBXFileReference; lastKnownFileType = image.png; name = tick.png; path = Artwork/tick.png; sourceTree = "<group>"; };
		1F699C2B155069D4005DFCAA /* tick@2x.png */ = {isa = PBXFileReference; lastKnownFileType = image.png; name = "tick@2x.png"; path = "Artwork/tick@2x.png"; sourceTree = "<group>"; };
		1F699C2C155069D4005DFCAA /* user.png */ = {isa = PBXFileReference; lastKnownFileType = image.png; name = user.png; path = Artwork/user.png; sourceTree = "<group>"; };
		1F699C2D155069D4005DFCAA /* user@2x.png */ = {isa = PBXFileReference; lastKnownFileType = image.png; name = "user@2x.png"; path = "Artwork/user@2x.png"; sourceTree = "<group>"; };
		1F699C3E15506FF5005DFCAA /* help.png */ = {isa = PBXFileReference; lastKnownFileType = image.png; name = help.png; path = Artwork/help.png; sourceTree = "<group>"; };
		1F699C3F15506FF5005DFCAA /* help@2x.png */ = {isa = PBXFileReference; lastKnownFileType = image.png; name = "help@2x.png"; path = "Artwork/help@2x.png"; sourceTree = "<group>"; };
		1F699C4215507F73005DFCAA /* RightWrongTriviaViewController.h */ = {isa = PBXFileReference; fileEncoding = 4; lastKnownFileType = sourcecode.c.h; path = RightWrongTriviaViewController.h; sourceTree = "<group>"; };
		1F699C4315507F73005DFCAA /* RightWrongTriviaViewController.m */ = {isa = PBXFileReference; fileEncoding = 4; lastKnownFileType = sourcecode.c.objc; path = RightWrongTriviaViewController.m; sourceTree = "<group>"; };
		1F699C4415507F73005DFCAA /* RightWrongTriviaViewController.xib */ = {isa = PBXFileReference; fileEncoding = 4; lastKnownFileType = file.xib; path = RightWrongTriviaViewController.xib; sourceTree = "<group>"; };
		1F699C4715508D64005DFCAA /* GeneralTriviaViewController.h */ = {isa = PBXFileReference; fileEncoding = 4; lastKnownFileType = sourcecode.c.h; path = GeneralTriviaViewController.h; sourceTree = "<group>"; };
		1F699C4815508D64005DFCAA /* GeneralTriviaViewController.m */ = {isa = PBXFileReference; fileEncoding = 4; lastKnownFileType = sourcecode.c.objc; path = GeneralTriviaViewController.m; sourceTree = "<group>"; };
		1F708524154FD88700D80EFF /* MemberCellFlipSideViewController.h */ = {isa = PBXFileReference; fileEncoding = 4; lastKnownFileType = sourcecode.c.h; path = MemberCellFlipSideViewController.h; sourceTree = "<group>"; };
		1F708525154FD88700D80EFF /* MemberCellFlipSideViewController.m */ = {isa = PBXFileReference; fileEncoding = 4; lastKnownFileType = sourcecode.c.objc; path = MemberCellFlipSideViewController.m; sourceTree = "<group>"; };
		1F708526154FD88700D80EFF /* MemberCellFlipSideViewController.xib */ = {isa = PBXFileReference; fileEncoding = 4; lastKnownFileType = file.xib; path = MemberCellFlipSideViewController.xib; sourceTree = "<group>"; };
		1F708529155008CD00D80EFF /* MessageUI.framework */ = {isa = PBXFileReference; lastKnownFileType = wrapper.framework; name = MessageUI.framework; path = System/Library/Frameworks/MessageUI.framework; sourceTree = SDKROOT; };
		1F933A2515552BC0004CC127 /* GANTracker.h */ = {isa = PBXFileReference; fileEncoding = 4; lastKnownFileType = sourcecode.c.h; name = GANTracker.h; path = Google/GANTracker.h; sourceTree = "<group>"; };
		1F933A2615552BC0004CC127 /* libGoogleAnalytics.a */ = {isa = PBXFileReference; lastKnownFileType = archive.ar; name = libGoogleAnalytics.a; path = Google/libGoogleAnalytics.a; sourceTree = "<group>"; };
		1F933A2815552BE7004CC127 /* CFNetwork.framework */ = {isa = PBXFileReference; lastKnownFileType = wrapper.framework; name = CFNetwork.framework; path = System/Library/Frameworks/CFNetwork.framework; sourceTree = SDKROOT; };
		1F933A2A15552C43004CC127 /* GoogleAnalyticsManager.h */ = {isa = PBXFileReference; fileEncoding = 4; lastKnownFileType = sourcecode.c.h; path = GoogleAnalyticsManager.h; sourceTree = "<group>"; };
		1F933A2B15552C43004CC127 /* GoogleAnalyticsManager.m */ = {isa = PBXFileReference; fileEncoding = 4; lastKnownFileType = sourcecode.c.objc; path = GoogleAnalyticsManager.m; sourceTree = "<group>"; };
		1F933A2D15552D35004CC127 /* libsqlite3.0.dylib */ = {isa = PBXFileReference; lastKnownFileType = "compiled.mach-o.dylib"; name = libsqlite3.0.dylib; path = usr/lib/libsqlite3.0.dylib; sourceTree = SDKROOT; };
		1F933A2F15553454004CC127 /* GoogleAnalyticsLogger.h */ = {isa = PBXFileReference; fileEncoding = 4; lastKnownFileType = sourcecode.c.h; path = GoogleAnalyticsLogger.h; sourceTree = "<group>"; };
		1F933A3015553454004CC127 /* GoogleAnalyticsLogger.m */ = {isa = PBXFileReference; fileEncoding = 4; lastKnownFileType = sourcecode.c.objc; path = GoogleAnalyticsLogger.m; sourceTree = "<group>"; };
		1FCC68D315525F9B0099479A /* NewGameViewController.h */ = {isa = PBXFileReference; fileEncoding = 4; lastKnownFileType = sourcecode.c.h; path = NewGameViewController.h; sourceTree = "<group>"; };
		1FCC68D415525F9B0099479A /* NewGameViewController.m */ = {isa = PBXFileReference; fileEncoding = 4; lastKnownFileType = sourcecode.c.objc; path = NewGameViewController.m; sourceTree = "<group>"; };
		1FCC68D515525F9C0099479A /* NewGameViewController.xib */ = {isa = PBXFileReference; fileEncoding = 4; lastKnownFileType = file.xib; path = NewGameViewController.xib; sourceTree = "<group>"; };
		1FCC68D91552615F0099479A /* GameFlowDelegateProtocol.h */ = {isa = PBXFileReference; lastKnownFileType = sourcecode.c.h; path = GameFlowDelegateProtocol.h; sourceTree = "<group>"; };
		1FF2CC991551CA2300A93B3D /* ScoreManager.h */ = {isa = PBXFileReference; fileEncoding = 4; lastKnownFileType = sourcecode.c.h; path = ScoreManager.h; sourceTree = "<group>"; };
		1FF2CC9A1551CA2300A93B3D /* ScoreManager.m */ = {isa = PBXFileReference; fileEncoding = 4; lastKnownFileType = sourcecode.c.objc; path = ScoreManager.m; sourceTree = "<group>"; };
		1FF2CC9D1551D52200A93B3D /* EndOfGameViewController.h */ = {isa = PBXFileReference; fileEncoding = 4; lastKnownFileType = sourcecode.c.h; path = EndOfGameViewController.h; sourceTree = "<group>"; };
		1FF2CC9E1551D52200A93B3D /* EndOfGameViewController.m */ = {isa = PBXFileReference; fileEncoding = 4; lastKnownFileType = sourcecode.c.objc; path = EndOfGameViewController.m; sourceTree = "<group>"; };
		1FF2CC9F1551D52200A93B3D /* EndOfGameViewController.xib */ = {isa = PBXFileReference; fileEncoding = 4; lastKnownFileType = file.xib; path = EndOfGameViewController.xib; sourceTree = "<group>"; };
		1FF2CCA21551D9E700A93B3D /* GeneralTriviaDelegateProtocol.h */ = {isa = PBXFileReference; lastKnownFileType = sourcecode.c.h; path = GeneralTriviaDelegateProtocol.h; sourceTree = "<group>"; };
/* End PBXFileReference section */

/* Begin PBXFrameworksBuildPhase section */
		1F62FC1E1528A60600110F7E /* Frameworks */ = {
			isa = PBXFrameworksBuildPhase;
			buildActionMask = 2147483647;
			files = (
				1F933A2E15552D35004CC127 /* libsqlite3.0.dylib in Frameworks */,
				1F933A2915552BE7004CC127 /* CFNetwork.framework in Frameworks */,
				1F70852A155008CD00D80EFF /* MessageUI.framework in Frameworks */,
				1F18A20C154D55C300D94946 /* AudioToolbox.framework in Frameworks */,
				1F18A20A154D55BF00D94946 /* AVFoundation.framework in Frameworks */,
				1F18A208154D559900D94946 /* CoreAudio.framework in Frameworks */,
				1F62FC261528A60600110F7E /* UIKit.framework in Frameworks */,
				1F62FC281528A60600110F7E /* Foundation.framework in Frameworks */,
				1F62FC2A1528A60600110F7E /* CoreGraphics.framework in Frameworks */,
				1F933A2715552BC0004CC127 /* libGoogleAnalytics.a in Frameworks */,
			);
			runOnlyForDeploymentPostprocessing = 0;
		};
/* End PBXFrameworksBuildPhase section */

/* Begin PBXGroup section */
		1F17FF28154C760D008F9575 /* General */ = {
			isa = PBXGroup;
			children = (
				1F07F3F51555CF6100556806 /* sound_icon.png */,
				1F07F3F61555CF6100556806 /* sound_icon@2x.png */,
				1F07F3F01555B9AC00556806 /* popup_bg.png */,
				1F07F3F11555B9AC00556806 /* popup_bg@2x.png */,
				1F17FF29154C7665008F9575 /* bg.png */,
				1F17FF2A154C7665008F9575 /* bg@2x.png */,
			);
			name = General;
			sourceTree = "<group>";
		};
		1F17FF2D154C7974008F9575 /* Tabs */ = {
			isa = PBXGroup;
			children = (
				1F17FF32154C7AF6008F9575 /* AboutTab.png */,
				1F17FF33154C7AF6008F9575 /* AboutTab@2x.png */,
				1F17FF2E154C797C008F9575 /* TriviaTab.png */,
				1F17FF2F154C797C008F9575 /* TriviaTab@2x.png */,
			);
			name = Tabs;
			sourceTree = "<group>";
		};
		1F17FF3B154C7F9F008F9575 /* Objects */ = {
			isa = PBXGroup;
			children = (
				1F18A203154D53C700D94946 /* Bill */,
				1F69213A154AD213001AD57F /* KTMember.h */,
				1F69213B154AD213001AD57F /* KTMember.m */,
				1F692164154AEFD6001AD57F /* KTLink.h */,
				1F692165154AEFD6001AD57F /* KTLink.m */,
				1F692167154B2A3B001AD57F /* KTCommitteeLink.h */,
				1F692168154B2A3B001AD57F /* KTCommitteeLink.m */,
				1F69216A154B2C10001AD57F /* KTBillLink.h */,
				1F69216B154B2C10001AD57F /* KTBillLink.m */,
			);
			name = Objects;
			sourceTree = "<group>";
		};
		1F18A1F4154D49F100D94946 /* SoundEngine */ = {
			isa = PBXGroup;
			children = (
				1F18A1F6154D49FD00D94946 /* SoundEngine.h */,
				1F18A1F7154D49FD00D94946 /* SoundEngine.m */,
				1F18A1F8154D49FD00D94946 /* SoundFilenames.h */,
			);
			name = SoundEngine;
			sourceTree = "<group>";
		};
		1F18A203154D53C700D94946 /* Bill */ = {
			isa = PBXGroup;
			children = (
				1F18A1FA154D4C6200D94946 /* KTBill.h */,
				1F18A1FB154D4C6200D94946 /* KTBill.m */,
				1F18A1FD154D4F6700D94946 /* KTComitteeMeetings.h */,
				1F18A1FE154D4F6700D94946 /* KTComitteeMeetings.m */,
				1F18A200154D506300D94946 /* KTCommitteeMeeting.h */,
				1F18A201154D506300D94946 /* KTCommitteeMeeting.m */,
			);
			name = Bill;
			sourceTree = "<group>";
		};
		1F18A204154D551200D94946 /* Audio */ = {
			isa = PBXGroup;
			children = (
				1F18A20D154D56EC00D94946 /* correct.mp3 */,
			);
			name = Audio;
			sourceTree = "<group>";
		};
		1F5FE228154B484200633DF5 /* Artwork */ = {
			isa = PBXGroup;
			children = (
				1F699C181550140B005DFCAA /* Buttons */,
				1F17FF2D154C7974008F9575 /* Tabs */,
				1F17FF28154C760D008F9575 /* General */,
				1F5FE22B154B485700633DF5 /* Peripherals */,
			);
			name = Artwork;
			sourceTree = "<group>";
		};
		1F5FE22B154B485700633DF5 /* Peripherals */ = {
			isa = PBXGroup;
			children = (
				1F684AC2154BE39B00AD64FD /* Icon.png */,
				1F684AC3154BE39B00AD64FD /* Icon@2x.png */,
				1F5FE22C154B486300633DF5 /* Default.png */,
				1F5FE22D154B486300633DF5 /* Default@2x.png */,
			);
			name = Peripherals;
			sourceTree = "<group>";
		};
		1F62FC161528A60500110F7E = {
			isa = PBXGroup;
			children = (
				1F933A2D15552D35004CC127 /* libsqlite3.0.dylib */,
				1F933A2815552BE7004CC127 /* CFNetwork.framework */,
				1F708529155008CD00D80EFF /* MessageUI.framework */,
				1F18A20B154D55C300D94946 /* AudioToolbox.framework */,
				1F18A209154D55BF00D94946 /* AVFoundation.framework */,
				1F18A207154D559900D94946 /* CoreAudio.framework */,
				1F692136154AD0E4001AD57F /* Resources */,
				1F62FC2B1528A60600110F7E /* KnessetTrivia */,
				1F62FC241528A60600110F7E /* Frameworks */,
				1F62FC221528A60600110F7E /* Products */,
			);
			sourceTree = "<group>";
		};
		1F62FC221528A60600110F7E /* Products */ = {
			isa = PBXGroup;
			children = (
				1F62FC211528A60600110F7E /* KnessetTrivia.app */,
			);
			name = Products;
			sourceTree = "<group>";
		};
		1F62FC241528A60600110F7E /* Frameworks */ = {
			isa = PBXGroup;
			children = (
				1F62FC251528A60600110F7E /* UIKit.framework */,
				1F62FC271528A60600110F7E /* Foundation.framework */,
				1F62FC291528A60600110F7E /* CoreGraphics.framework */,
			);
			name = Frameworks;
			sourceTree = "<group>";
		};
		1F62FC2B1528A60600110F7E /* KnessetTrivia */ = {
			isa = PBXGroup;
			children = (
				1F18A204154D551200D94946 /* Audio */,
				1F18A1F4154D49F100D94946 /* SoundEngine */,
				1F5FE228154B484200633DF5 /* Artwork */,
				1F69213D154AD7CC001AD57F /* External */,
				1F692188154B3896001AD57F /* Controller */,
				1F692139154AD1F5001AD57F /* Model */,
				1F62FC341528A60600110F7E /* AppDelegate.h */,
				1F62FC351528A60600110F7E /* AppDelegate.m */,
				1F62FC371528A60600110F7E /* FirstViewController.h */,
				1F62FC381528A60600110F7E /* FirstViewController.m */,
				1F62FC3A1528A60600110F7E /* first.png */,
				1F62FC3C1528A60600110F7E /* first@2x.png */,
				1F62FC3E1528A60600110F7E /* SecondViewController.h */,
				1F62FC3F1528A60600110F7E /* SecondViewController.m */,
				1F62FC411528A60600110F7E /* second.png */,
				1F62FC431528A60600110F7E /* second@2x.png */,
				1F62FC451528A60600110F7E /* FirstViewController.xib */,
				1F62FC481528A60600110F7E /* SecondViewController.xib */,
				1F62FC2C1528A60600110F7E /* Supporting Files */,
			);
			path = KnessetTrivia;
			sourceTree = "<group>";
		};
		1F62FC2C1528A60600110F7E /* Supporting Files */ = {
			isa = PBXGroup;
			children = (
				1F62FC2D1528A60600110F7E /* KnessetTrivia-Info.plist */,
				1F62FC2E1528A60600110F7E /* InfoPlist.strings */,
				1F62FC311528A60600110F7E /* main.m */,
				1F62FC331528A60600110F7E /* KnessetTrivia-Prefix.pch */,
			);
			name = "Supporting Files";
			sourceTree = "<group>";
		};
		1F692136154AD0E4001AD57F /* Resources */ = {
			isa = PBXGroup;
			children = (
				1F692137154AD0E4001AD57F /* member.txt */,
				1F18A212154EF0FE00D94946 /* bills.txt */,
			);
			name = Resources;
			path = KnessetTrivia/Resources;
			sourceTree = "<group>";
		};
		1F692139154AD1F5001AD57F /* Model */ = {
			isa = PBXGroup;
			children = (
				1F699C4D155098E8005DFCAA /* Managers */,
				1F17FF3B154C7F9F008F9575 /* Objects */,
				1F69216D154B2DD6001AD57F /* Parser */,
			);
			name = Model;
			sourceTree = "<group>";
		};
		1F69213D154AD7CC001AD57F /* External */ = {
			isa = PBXGroup;
			children = (
				1F933A2315552BB6004CC127 /* Google Analytics */,
				1F69213E154AD7D2001AD57F /* SBJson */,
			);
			name = External;
			sourceTree = "<group>";
		};
		1F69213E154AD7D2001AD57F /* SBJson */ = {
			isa = PBXGroup;
			children = (
				1F69213F154AD7DE001AD57F /* NSObject+SBJson.h */,
				1F692140154AD7DE001AD57F /* NSObject+SBJson.m */,
				1F692141154AD7DE001AD57F /* SBJson.h */,
				1F692142154AD7DE001AD57F /* SBJsonParser.h */,
				1F692143154AD7DE001AD57F /* SBJsonParser.m */,
				1F692144154AD7DE001AD57F /* SBJsonStreamParser.h */,
				1F692145154AD7DE001AD57F /* SBJsonStreamParser.m */,
				1F692146154AD7DE001AD57F /* SBJsonStreamParserAccumulator.h */,
				1F692147154AD7DE001AD57F /* SBJsonStreamParserAccumulator.m */,
				1F692148154AD7DE001AD57F /* SBJsonStreamParserAdapter.h */,
				1F692149154AD7DE001AD57F /* SBJsonStreamParserAdapter.m */,
				1F69214A154AD7DE001AD57F /* SBJsonStreamParserState.h */,
				1F69214B154AD7DE001AD57F /* SBJsonStreamParserState.m */,
				1F69214C154AD7DE001AD57F /* SBJsonStreamWriter.h */,
				1F69214D154AD7DE001AD57F /* SBJsonStreamWriter.m */,
				1F69214E154AD7DE001AD57F /* SBJsonStreamWriterAccumulator.h */,
				1F69214F154AD7DE001AD57F /* SBJsonStreamWriterAccumulator.m */,
				1F692150154AD7DE001AD57F /* SBJsonStreamWriterState.h */,
				1F692151154AD7DE001AD57F /* SBJsonStreamWriterState.m */,
				1F692152154AD7DE001AD57F /* SBJsonTokeniser.h */,
				1F692153154AD7DE001AD57F /* SBJsonTokeniser.m */,
				1F692154154AD7DE001AD57F /* SBJsonUTF8Stream.h */,
				1F692155154AD7DE001AD57F /* SBJsonUTF8Stream.m */,
				1F692156154AD7DE001AD57F /* SBJsonWriter.h */,
				1F692157154AD7DE001AD57F /* SBJsonWriter.m */,
			);
			name = SBJson;
			sourceTree = "<group>";
		};
		1F69216D154B2DD6001AD57F /* Parser */ = {
			isa = PBXGroup;
			children = (
				1F692171154B2F94001AD57F /* KTParserStrings.h */,
				1F69216E154B2DF7001AD57F /* KTParser.h */,
				1F69216F154B2DF7001AD57F /* KTParser.m */,
			);
			name = Parser;
			sourceTree = "<group>";
		};
		1F692188154B3896001AD57F /* Controller */ = {
			isa = PBXGroup;
			children = (
				1F699C4C15509756005DFCAA /* About */,
				1F699C4B15509744005DFCAA /* Image Cell Controller */,
				1F699C4A15509732005DFCAA /* Trivia */,
			);
			name = Controller;
			sourceTree = "<group>";
		};
		1F699C181550140B005DFCAA /* Buttons */ = {
			isa = PBXGroup;
			children = (
				1F5CF2941555AA95004AA873 /* general_button_bg_sel.png */,
				1F5CF2951555AA95004AA873 /* general_button_bg_sel@2x.png */,
				1F5CF28F1555A9C1004AA873 /* general_button_bg_reg.png */,
				1F5CF2901555A9C1004AA873 /* general_button_bg_reg@2x.png */,
				1F699C3E15506FF5005DFCAA /* help.png */,
				1F699C3F15506FF5005DFCAA /* help@2x.png */,
				1F699C1E155069D4005DFCAA /* delete.png */,
				1F699C1F155069D4005DFCAA /* delete@2x.png */,
				1F699C20155069D4005DFCAA /* globe.png */,
				1F699C21155069D4005DFCAA /* globe@2x.png */,
				1F699C22155069D4005DFCAA /* home.png */,
				1F699C23155069D4005DFCAA /* home@2x.png */,
				1F699C24155069D4005DFCAA /* info.png */,
				1F699C25155069D4005DFCAA /* info@2x.png */,
				1F699C26155069D4005DFCAA /* letter.png */,
				1F699C27155069D4005DFCAA /* letter@2x.png */,
				1F699C28155069D4005DFCAA /* search.png */,
				1F699C29155069D4005DFCAA /* search@2x.png */,
				1F699C2A155069D4005DFCAA /* tick.png */,
				1F699C2B155069D4005DFCAA /* tick@2x.png */,
				1F699C2C155069D4005DFCAA /* user.png */,
				1F699C2D155069D4005DFCAA /* user@2x.png */,
				1F699C1A1550141A005DFCAA /* info_button_reg.png */,
				1F699C1B1550141A005DFCAA /* info_button_reg@2x.png */,
			);
			name = Buttons;
			sourceTree = "<group>";
		};
		1F699C4A15509732005DFCAA /* Trivia */ = {
			isa = PBXGroup;
			children = (
				1F699C4715508D64005DFCAA /* GeneralTriviaViewController.h */,
				1F699C4815508D64005DFCAA /* GeneralTriviaViewController.m */,
				1FCC68D91552615F0099479A /* GameFlowDelegateProtocol.h */,
				1FF2CCA21551D9E700A93B3D /* GeneralTriviaDelegateProtocol.h */,
				1F17FF23154C571F008F9575 /* ImageTriviaViewController.h */,
				1F17FF24154C571F008F9575 /* ImageTriviaViewController.m */,
				1F17FF25154C571F008F9575 /* ImageTriviaViewController.xib */,
				1F699C4215507F73005DFCAA /* RightWrongTriviaViewController.h */,
				1F699C4315507F73005DFCAA /* RightWrongTriviaViewController.m */,
				1F699C4415507F73005DFCAA /* RightWrongTriviaViewController.xib */,
				1FF2CC9D1551D52200A93B3D /* EndOfGameViewController.h */,
				1FF2CC9E1551D52200A93B3D /* EndOfGameViewController.m */,
				1FF2CC9F1551D52200A93B3D /* EndOfGameViewController.xib */,
				1FCC68D315525F9B0099479A /* NewGameViewController.h */,
				1FCC68D415525F9B0099479A /* NewGameViewController.m */,
				1FCC68D515525F9C0099479A /* NewGameViewController.xib */,
			);
			name = Trivia;
			sourceTree = "<group>";
		};
		1F699C4B15509744005DFCAA /* Image Cell Controller */ = {
			isa = PBXGroup;
			children = (
				1F708524154FD88700D80EFF /* MemberCellFlipSideViewController.h */,
				1F708525154FD88700D80EFF /* MemberCellFlipSideViewController.m */,
				1F708526154FD88700D80EFF /* MemberCellFlipSideViewController.xib */,
				1F692189154B3917001AD57F /* MemberCellViewController.h */,
				1F69218A154B3917001AD57F /* MemberCellViewController.m */,
				1F69218B154B3917001AD57F /* MemberCellViewController.xib */,
			);
			name = "Image Cell Controller";
			sourceTree = "<group>";
		};
		1F699C4C15509756005DFCAA /* About */ = {
			isa = PBXGroup;
			children = (
				1F17FF36154C7DA6008F9575 /* AboutViewController.h */,
				1F17FF37154C7DA7008F9575 /* AboutViewController.m */,
				1F17FF38154C7DA7008F9575 /* AboutViewController.xib */,
			);
			name = About;
			sourceTree = "<group>";
		};
		1F699C4D155098E8005DFCAA /* Managers */ = {
			isa = PBXGroup;
			children = (
				1F933A2A15552C43004CC127 /* GoogleAnalyticsManager.h */,
				1F933A2B15552C43004CC127 /* GoogleAnalyticsManager.m */,
				1F692172154B34F5001AD57F /* DataManager.h */,
				1F692173154B34F5001AD57F /* DataManager.m */,
				1FF2CC991551CA2300A93B3D /* ScoreManager.h */,
				1FF2CC9A1551CA2300A93B3D /* ScoreManager.m */,
				1F933A2F15553454004CC127 /* GoogleAnalyticsLogger.h */,
				1F933A3015553454004CC127 /* GoogleAnalyticsLogger.m */,
			);
			name = Managers;
			sourceTree = "<group>";
		};
		1F933A2315552BB6004CC127 /* Google Analytics */ = {
			isa = PBXGroup;
			children = (
				1F933A2515552BC0004CC127 /* GANTracker.h */,
				1F933A2615552BC0004CC127 /* libGoogleAnalytics.a */,
			);
			name = "Google Analytics";
			sourceTree = "<group>";
		};
/* End PBXGroup section */

/* Begin PBXNativeTarget section */
		1F62FC201528A60600110F7E /* KnessetTrivia */ = {
			isa = PBXNativeTarget;
			buildConfigurationList = 1F62FC4D1528A60600110F7E /* Build configuration list for PBXNativeTarget "KnessetTrivia" */;
			buildPhases = (
				1F62FC1D1528A60600110F7E /* Sources */,
				1F62FC1E1528A60600110F7E /* Frameworks */,
				1F62FC1F1528A60600110F7E /* Resources */,
			);
			buildRules = (
			);
			dependencies = (
			);
			name = KnessetTrivia;
			productName = KnessetTrivia;
			productReference = 1F62FC211528A60600110F7E /* KnessetTrivia.app */;
			productType = "com.apple.product-type.application";
		};
/* End PBXNativeTarget section */

/* Begin PBXProject section */
		1F62FC181528A60500110F7E /* Project object */ = {
			isa = PBXProject;
			attributes = {
				LastUpgradeCheck = 0430;
			};
			buildConfigurationList = 1F62FC1B1528A60500110F7E /* Build configuration list for PBXProject "KnessetTrivia" */;
			compatibilityVersion = "Xcode 3.2";
			developmentRegion = English;
			hasScannedForEncodings = 0;
			knownRegions = (
				en,
			);
			mainGroup = 1F62FC161528A60500110F7E;
			productRefGroup = 1F62FC221528A60600110F7E /* Products */;
			projectDirPath = "";
			projectRoot = "";
			targets = (
				1F62FC201528A60600110F7E /* KnessetTrivia */,
			);
		};
/* End PBXProject section */

/* Begin PBXResourcesBuildPhase section */
		1F62FC1F1528A60600110F7E /* Resources */ = {
			isa = PBXResourcesBuildPhase;
			buildActionMask = 2147483647;
			files = (
				1F62FC301528A60600110F7E /* InfoPlist.strings in Resources */,
				1F62FC3B1528A60600110F7E /* first.png in Resources */,
				1F62FC3D1528A60600110F7E /* first@2x.png in Resources */,
				1F62FC421528A60600110F7E /* second.png in Resources */,
				1F62FC441528A60600110F7E /* second@2x.png in Resources */,
				1F62FC471528A60600110F7E /* FirstViewController.xib in Resources */,
				1F62FC4A1528A60600110F7E /* SecondViewController.xib in Resources */,
				1F692138154AD0E4001AD57F /* member.txt in Resources */,
				1F69218D154B3917001AD57F /* MemberCellViewController.xib in Resources */,
				1F5FE22E154B486300633DF5 /* Default.png in Resources */,
				1F5FE22F154B486300633DF5 /* Default@2x.png in Resources */,
				1F684AC4154BE39B00AD64FD /* Icon.png in Resources */,
				1F684AC5154BE39B00AD64FD /* Icon@2x.png in Resources */,
				1F17FF27154C571F008F9575 /* ImageTriviaViewController.xib in Resources */,
				1F17FF2B154C7665008F9575 /* bg.png in Resources */,
				1F17FF2C154C7665008F9575 /* bg@2x.png in Resources */,
				1F17FF30154C797C008F9575 /* TriviaTab.png in Resources */,
				1F17FF31154C797C008F9575 /* TriviaTab@2x.png in Resources */,
				1F17FF34154C7AF6008F9575 /* AboutTab.png in Resources */,
				1F17FF35154C7AF6008F9575 /* AboutTab@2x.png in Resources */,
				1F17FF3A154C7DA7008F9575 /* AboutViewController.xib in Resources */,
				1F18A20E154D56EC00D94946 /* correct.mp3 in Resources */,
				1F18A213154EF0FE00D94946 /* bills.txt in Resources */,
				1F708528154FD88700D80EFF /* MemberCellFlipSideViewController.xib in Resources */,
				1F699C1C1550141A005DFCAA /* info_button_reg.png in Resources */,
				1F699C1D1550141A005DFCAA /* info_button_reg@2x.png in Resources */,
				1F699C2E155069D4005DFCAA /* delete.png in Resources */,
				1F699C2F155069D4005DFCAA /* delete@2x.png in Resources */,
				1F699C30155069D4005DFCAA /* globe.png in Resources */,
				1F699C31155069D4005DFCAA /* globe@2x.png in Resources */,
				1F699C32155069D4005DFCAA /* home.png in Resources */,
				1F699C33155069D4005DFCAA /* home@2x.png in Resources */,
				1F699C34155069D4005DFCAA /* info.png in Resources */,
				1F699C35155069D4005DFCAA /* info@2x.png in Resources */,
				1F699C36155069D4005DFCAA /* letter.png in Resources */,
				1F699C37155069D4005DFCAA /* letter@2x.png in Resources */,
				1F699C38155069D4005DFCAA /* search.png in Resources */,
				1F699C39155069D4005DFCAA /* search@2x.png in Resources */,
				1F699C3A155069D4005DFCAA /* tick.png in Resources */,
				1F699C3B155069D4005DFCAA /* tick@2x.png in Resources */,
				1F699C3C155069D4005DFCAA /* user.png in Resources */,
				1F699C3D155069D4005DFCAA /* user@2x.png in Resources */,
				1F699C4015506FF5005DFCAA /* help.png in Resources */,
				1F699C4115506FF5005DFCAA /* help@2x.png in Resources */,
				1F699C4615507F73005DFCAA /* RightWrongTriviaViewController.xib in Resources */,
				1FF2CCA11551D52200A93B3D /* EndOfGameViewController.xib in Resources */,
				1FCC68D715525F9C0099479A /* NewGameViewController.xib in Resources */,
				1F5CF2911555A9C1004AA873 /* general_button_bg_reg.png in Resources */,
				1F5CF2921555A9C1004AA873 /* general_button_bg_reg@2x.png in Resources */,
				1F5CF2961555AA95004AA873 /* general_button_bg_sel.png in Resources */,
				1F5CF2971555AA95004AA873 /* general_button_bg_sel@2x.png in Resources */,
				1F07F3F21555B9AC00556806 /* popup_bg.png in Resources */,
				1F07F3F31555B9AC00556806 /* popup_bg@2x.png in Resources */,
				1F07F3F71555CF6100556806 /* sound_icon.png in Resources */,
				1F07F3F81555CF6100556806 /* sound_icon@2x.png in Resources */,
			);
			runOnlyForDeploymentPostprocessing = 0;
		};
/* End PBXResourcesBuildPhase section */

/* Begin PBXSourcesBuildPhase section */
		1F62FC1D1528A60600110F7E /* Sources */ = {
			isa = PBXSourcesBuildPhase;
			buildActionMask = 2147483647;
			files = (
				1F62FC321528A60600110F7E /* main.m in Sources */,
				1F62FC361528A60600110F7E /* AppDelegate.m in Sources */,
				1F62FC391528A60600110F7E /* FirstViewController.m in Sources */,
				1F62FC401528A60600110F7E /* SecondViewController.m in Sources */,
				1F69213C154AD213001AD57F /* KTMember.m in Sources */,
				1F692158154AD7DE001AD57F /* NSObject+SBJson.m in Sources */,
				1F692159154AD7DE001AD57F /* SBJsonParser.m in Sources */,
				1F69215A154AD7DE001AD57F /* SBJsonStreamParser.m in Sources */,
				1F69215B154AD7DE001AD57F /* SBJsonStreamParserAccumulator.m in Sources */,
				1F69215C154AD7DE001AD57F /* SBJsonStreamParserAdapter.m in Sources */,
				1F69215D154AD7DE001AD57F /* SBJsonStreamParserState.m in Sources */,
				1F69215E154AD7DE001AD57F /* SBJsonStreamWriter.m in Sources */,
				1F69215F154AD7DE001AD57F /* SBJsonStreamWriterAccumulator.m in Sources */,
				1F692160154AD7DE001AD57F /* SBJsonStreamWriterState.m in Sources */,
				1F692161154AD7DE001AD57F /* SBJsonTokeniser.m in Sources */,
				1F692162154AD7DE001AD57F /* SBJsonUTF8Stream.m in Sources */,
				1F692163154AD7DE001AD57F /* SBJsonWriter.m in Sources */,
				1F692166154AEFD6001AD57F /* KTLink.m in Sources */,
				1F692169154B2A3B001AD57F /* KTCommitteeLink.m in Sources */,
				1F69216C154B2C10001AD57F /* KTBillLink.m in Sources */,
				1F692170154B2DF7001AD57F /* KTParser.m in Sources */,
				1F692174154B34F5001AD57F /* DataManager.m in Sources */,
				1F69218C154B3917001AD57F /* MemberCellViewController.m in Sources */,
				1F17FF26154C571F008F9575 /* ImageTriviaViewController.m in Sources */,
				1F17FF39154C7DA7008F9575 /* AboutViewController.m in Sources */,
				1F18A1F9154D49FD00D94946 /* SoundEngine.m in Sources */,
				1F18A1FC154D4C6200D94946 /* KTBill.m in Sources */,
				1F18A1FF154D4F6700D94946 /* KTComitteeMeetings.m in Sources */,
				1F18A202154D506300D94946 /* KTCommitteeMeeting.m in Sources */,
				1F708527154FD88700D80EFF /* MemberCellFlipSideViewController.m in Sources */,
				1F699C4515507F73005DFCAA /* RightWrongTriviaViewController.m in Sources */,
				1F699C4915508D64005DFCAA /* GeneralTriviaViewController.m in Sources */,
				1FF2CC9B1551CA2300A93B3D /* ScoreManager.m in Sources */,
				1FF2CCA01551D52200A93B3D /* EndOfGameViewController.m in Sources */,
				1FCC68D615525F9C0099479A /* NewGameViewController.m in Sources */,
				1F933A2C15552C43004CC127 /* GoogleAnalyticsManager.m in Sources */,
				1F933A3115553454004CC127 /* GoogleAnalyticsLogger.m in Sources */,
			);
			runOnlyForDeploymentPostprocessing = 0;
		};
/* End PBXSourcesBuildPhase section */

/* Begin PBXVariantGroup section */
		1F62FC2E1528A60600110F7E /* InfoPlist.strings */ = {
			isa = PBXVariantGroup;
			children = (
				1F62FC2F1528A60600110F7E /* en */,
			);
			name = InfoPlist.strings;
			sourceTree = "<group>";
		};
		1F62FC451528A60600110F7E /* FirstViewController.xib */ = {
			isa = PBXVariantGroup;
			children = (
				1F62FC461528A60600110F7E /* en */,
			);
			name = FirstViewController.xib;
			sourceTree = "<group>";
		};
		1F62FC481528A60600110F7E /* SecondViewController.xib */ = {
			isa = PBXVariantGroup;
			children = (
				1F62FC491528A60600110F7E /* en */,
			);
			name = SecondViewController.xib;
			sourceTree = "<group>";
		};
/* End PBXVariantGroup section */

/* Begin XCBuildConfiguration section */
		1F62FC4B1528A60600110F7E /* Debug */ = {
			isa = XCBuildConfiguration;
			buildSettings = {
				ALWAYS_SEARCH_USER_PATHS = NO;
				ARCHS = "$(ARCHS_STANDARD_32_BIT)";
				"CODE_SIGN_IDENTITY[sdk=iphoneos*]" = "iPhone Developer";
				COPY_PHASE_STRIP = NO;
				GCC_C_LANGUAGE_STANDARD = gnu99;
				GCC_DYNAMIC_NO_PIC = NO;
				GCC_OPTIMIZATION_LEVEL = 0;
				GCC_PREPROCESSOR_DEFINITIONS = (
					"DEBUG=1",
					"$(inherited)",
				);
				GCC_SYMBOLS_PRIVATE_EXTERN = NO;
				GCC_VERSION = com.apple.compilers.llvm.clang.1_0;
				GCC_WARN_ABOUT_RETURN_TYPE = YES;
				GCC_WARN_UNINITIALIZED_AUTOS = YES;
				GCC_WARN_UNUSED_VARIABLE = YES;
				IPHONEOS_DEPLOYMENT_TARGET = 5.1;
				SDKROOT = iphoneos;
			};
			name = Debug;
		};
		1F62FC4C1528A60600110F7E /* Release */ = {
			isa = XCBuildConfiguration;
			buildSettings = {
				ALWAYS_SEARCH_USER_PATHS = NO;
				ARCHS = "$(ARCHS_STANDARD_32_BIT)";
				"CODE_SIGN_IDENTITY[sdk=iphoneos*]" = "iPhone Developer";
				COPY_PHASE_STRIP = YES;
				GCC_C_LANGUAGE_STANDARD = gnu99;
				GCC_VERSION = com.apple.compilers.llvm.clang.1_0;
				GCC_WARN_ABOUT_RETURN_TYPE = YES;
				GCC_WARN_UNINITIALIZED_AUTOS = YES;
				GCC_WARN_UNUSED_VARIABLE = YES;
				IPHONEOS_DEPLOYMENT_TARGET = 5.1;
				OTHER_CFLAGS = "-DNS_BLOCK_ASSERTIONS=1";
				SDKROOT = iphoneos;
				VALIDATE_PRODUCT = YES;
			};
			name = Release;
		};
		1F62FC4E1528A60600110F7E /* Debug */ = {
			isa = XCBuildConfiguration;
			buildSettings = {
				GCC_PRECOMPILE_PREFIX_HEADER = YES;
				GCC_PREFIX_HEADER = "KnessetTrivia/KnessetTrivia-Prefix.pch";
				INFOPLIST_FILE = "KnessetTrivia/KnessetTrivia-Info.plist";
				LIBRARY_SEARCH_PATHS = (
					"$(inherited)",
					"\"$(SRCROOT)/KnessetTrivia/Google\"",
				);
				PRODUCT_NAME = "$(TARGET_NAME)";
				WRAPPER_EXTENSION = app;
			};
			name = Debug;
		};
		1F62FC4F1528A60600110F7E /* Release */ = {
			isa = XCBuildConfiguration;
			buildSettings = {
				GCC_PRECOMPILE_PREFIX_HEADER = YES;
				GCC_PREFIX_HEADER = "KnessetTrivia/KnessetTrivia-Prefix.pch";
				INFOPLIST_FILE = "KnessetTrivia/KnessetTrivia-Info.plist";
				LIBRARY_SEARCH_PATHS = (
					"$(inherited)",
					"\"$(SRCROOT)/KnessetTrivia/Google\"",
				);
				PRODUCT_NAME = "$(TARGET_NAME)";
				WRAPPER_EXTENSION = app;
			};
			name = Release;
		};
/* End XCBuildConfiguration section */

/* Begin XCConfigurationList section */
		1F62FC1B1528A60500110F7E /* Build configuration list for PBXProject "KnessetTrivia" */ = {
			isa = XCConfigurationList;
			buildConfigurations = (
				1F62FC4B1528A60600110F7E /* Debug */,
				1F62FC4C1528A60600110F7E /* Release */,
			);
			defaultConfigurationIsVisible = 0;
			defaultConfigurationName = Release;
		};
		1F62FC4D1528A60600110F7E /* Build configuration list for PBXNativeTarget "KnessetTrivia" */ = {
			isa = XCConfigurationList;
			buildConfigurations = (
				1F62FC4E1528A60600110F7E /* Debug */,
				1F62FC4F1528A60600110F7E /* Release */,
			);
			defaultConfigurationIsVisible = 0;
			defaultConfigurationName = Release;
		};
/* End XCConfigurationList section */
	};
	rootObject = 1F62FC181528A60500110F7E /* Project object */;
}
